
Microsoft Visual Studio Solution File, Format Version 12.00
Project("{FAE04EC0-301F-11D3-BF4B-00C04F79EFBC}") = "dw.demo.api", "dw.demo.api\dw.demo.api.csproj", "{820E7708-30F8-4AE3-87F6-01316A06C12C}"
EndProject
Global
	GlobalSection(SolutionConfigurationPlatforms) = preSolution
		Debug|Any CPU = Debug|Any CPU
		Release|Any CPU = Release|Any CPU
	EndGlobalSection
	GlobalSection(ProjectConfigurationPlatforms) = postSolution
		{820E7708-30F8-4AE3-87F6-01316A06C12C}.Debug|Any CPU.ActiveCfg = Debug|Any CPU
		{820E7708-30F8-4AE3-87F6-01316A06C12C}.Debug|Any CPU.Build.0 = Debug|Any CPU
		{820E7708-30F8-4AE3-87F6-01316A06C12C}.Release|Any CPU.ActiveCfg = Release|Any CPU
		{820E7708-30F8-4AE3-87F6-01316A06C12C}.Release|Any CPU.Build.0 = Release|Any CPU
	EndGlobalSection
EndGlobal
